{
  "name": "blog-hugo",
  "version": "1.0.0",
  "lockfileVersion": 2,
  "requires": true,
  "packages": {
    "": {
      "name": "blog-hugo",
      "version": "1.0.0",
      "license": "MIT",
      "dependencies": {
        "alpinejs": "2.8.2",
        "lazysizes": "5.3.2",
        "lunr": "2.3.9"
      },
      "devDependencies": {
        "@playwright/test": "^1.47.1",
        "@types/node": "^20.10.6",
        "prettier": "3.1.1"
      }
    },
    "node_modules/@playwright/test": {
      "version": "1.47.1",
      "resolved": "https://registry.npmjs.org/@playwright/test/-/test-1.47.1.tgz",
      "integrity": "sha512-dbWpcNQZ5nj16m+A5UNScYx7HX5trIy7g4phrcitn+Nk83S32EBX/CLU4hiF4RGKX/yRc93AAqtfaXB7JWBd4Q==",
      "dev": true,
      "license": "Apache-2.0",
      "dependencies": {
        "playwright": "1.47.1"
      },
      "bin": {
        "playwright": "cli.js"
      },
      "engines": {
        "node": ">=18"
      }
    },
    "node_modules/@types/node": {
      "version": "20.10.6",
      "resolved": "https://registry.npmjs.org/@types/node/-/node-20.10.6.tgz",
      "integrity": "sha512-Vac8H+NlRNNlAmDfGUP7b5h/KA+AtWIzuXy0E6OyP8f1tCLYAtPvKRRDJjAPqhpCb0t6U2j7/xqAuLEebW2kiw==",
      "dev": true,
      "dependencies": {
        "undici-types": "~5.26.4"
      }
    },
    "node_modules/alpinejs": {
      "version": "2.8.2",
      "resolved": "https://registry.npmjs.org/alpinejs/-/alpinejs-2.8.2.tgz",
      "integrity": "sha512-5yOUtckn4CBp0qsHpo2qgjZyZit84uXvHbB7NJ27sn4FA6UlFl2i9PGUAdTXkcbFvvxDJBM+zpOD8RuNYFvQAw=="
    },
    "node_modules/fsevents": {
      "version": "2.3.2",
      "resolved": "https://registry.npmjs.org/fsevents/-/fsevents-2.3.2.tgz",
      "integrity": "sha512-xiqMQR4xAeHTuB9uWm+fFRcIOgKBMiOBP+eXiyT7jsgVCq1bkVygt00oASowB7EdtpOHaaPgKt812P9ab+DDKA==",
      "dev": true,
      "hasInstallScript": true,
      "license": "MIT",
      "optional": true,
      "os": [
        "darwin"
      ],
      "engines": {
        "node": "^8.16.0 || ^10.6.0 || >=11.0.0"
      }
    },
    "node_modules/lazysizes": {
      "version": "5.3.2",
      "resolved": "https://registry.npmjs.org/lazysizes/-/lazysizes-5.3.2.tgz",
      "integrity": "sha512-22UzWP+Vedi/sMeOr8O7FWimRVtiNJV2HCa+V8+peZOw6QbswN9k58VUhd7i6iK5bw5QkYrF01LJbeJe0PV8jg=="
    },
    "node_modules/lunr": {
      "version": "2.3.9",
      "resolved": "https://registry.npmjs.org/lunr/-/lunr-2.3.9.tgz",
      "integrity": "sha512-zTU3DaZaF3Rt9rhN3uBMGQD3dD2/vFQqnvZCDv4dl5iOzq2IZQqTxu90r4E5J+nP70J3ilqVCrbho2eWaeW8Ow=="
    },
    "node_modules/playwright": {
      "version": "1.47.1",
      "resolved": "https://registry.npmjs.org/playwright/-/playwright-1.47.1.tgz",
      "integrity": "sha512-SUEKi6947IqYbKxRiqnbUobVZY4bF1uu+ZnZNJX9DfU1tlf2UhWfvVjLf01pQx9URsOr18bFVUKXmanYWhbfkw==",
      "dev": true,
      "license": "Apache-2.0",
      "dependencies": {
        "playwright-core": "1.47.1"
      },
      "bin": {
        "playwright": "cli.js"
      },
      "engines": {
        "node": ">=18"
      },
      "optionalDependencies": {
        "fsevents": "2.3.2"
      }
    },
    "node_modules/playwright-core": {
      "version": "1.47.1",
      "resolved": "https://registry.npmjs.org/playwright-core/-/playwright-core-1.47.1.tgz",
      "integrity": "sha512-i1iyJdLftqtt51mEk6AhYFaAJCDx0xQ/O5NU8EKaWFgMjItPVma542Nh/Aq8aLCjIJSzjaiEQGW/nyqLkGF1OQ==",
      "dev": true,
      "license": "Apache-2.0",
      "bin": {
        "playwright-core": "cli.js"
      },
      "engines": {
        "node": ">=18"
      }
    },
    "node_modules/prettier": {
      "version": "3.1.1",
      "resolved": "https://registry.npmjs.org/prettier/-/prettier-3.1.1.tgz",
      "integrity": "sha512-22UbSzg8luF4UuZtzgiUOfcGM8s4tjBv6dJRT7j275NXsy2jb4aJa4NNveul5x4eqlF1wuhuR2RElK71RvmVaw==",
      "dev": true,
      "bin": {
        "prettier": "bin/prettier.cjs"
      },
      "engines": {
        "node": ">=14"
      },
      "funding": {
        "url": "https://github.com/prettier/prettier?sponsor=1"
      }
    },
    "node_modules/undici-types": {
      "version": "5.26.5",
      "resolved": "https://registry.npmjs.org/undici-types/-/undici-types-5.26.5.tgz",
      "integrity": "sha512-JlCMO+ehdEIKqlFxk6IfVoAUVmgz7cU7zD/h9XZ0qzeosSHmUJVOzSQvvYSYWXkFXC+IfLKSIffhv0sVZup6pA==",
      "dev": true
    }
  },
  "dependencies": {
    "@playwright/test": {
      "version": "1.47.1",
      "resolved": "https://registry.npmjs.org/@playwright/test/-/test-1.47.1.tgz",
      "integrity": "sha512-dbWpcNQZ5nj16m+A5UNScYx7HX5trIy7g4phrcitn+Nk83S32EBX/CLU4hiF4RGKX/yRc93AAqtfaXB7JWBd4Q==",
      "dev": true,
      "requires": {
        "playwright": "1.47.1"
      }
    },
    "@types/node": {
      "version": "20.10.6",
      "resolved": "https://registry.npmjs.org/@types/node/-/node-20.10.6.tgz",
      "integrity": "sha512-Vac8H+NlRNNlAmDfGUP7b5h/KA+AtWIzuXy0E6OyP8f1tCLYAtPvKRRDJjAPqhpCb0t6U2j7/xqAuLEebW2kiw==",
      "dev": true,
      "requires": {
        "undici-types": "~5.26.4"
      }
    },
    "alpinejs": {
      "version": "2.8.2",
      "resolved": "https://registry.npmjs.org/alpinejs/-/alpinejs-2.8.2.tgz",
      "integrity": "sha512-5yOUtckn4CBp0qsHpo2qgjZyZit84uXvHbB7NJ27sn4FA6UlFl2i9PGUAdTXkcbFvvxDJBM+zpOD8RuNYFvQAw=="
    },
    "fsevents": {
      "version": "2.3.2",
      "resolved": "https://registry.npmjs.org/fsevents/-/fsevents-2.3.2.tgz",
      "integrity": "sha512-xiqMQR4xAeHTuB9uWm+fFRcIOgKBMiOBP+eXiyT7jsgVCq1bkVygt00oASowB7EdtpOHaaPgKt812P9ab+DDKA==",
      "dev": true,
      "optional": true
    },
    "lazysizes": {
      "version": "5.3.2",
      "resolved": "https://registry.npmjs.org/lazysizes/-/lazysizes-5.3.2.tgz",
      "integrity": "sha512-22UzWP+Vedi/sMeOr8O7FWimRVtiNJV2HCa+V8+peZOw6QbswN9k58VUhd7i6iK5bw5QkYrF01LJbeJe0PV8jg=="
    },
    "lunr": {
      "version": "2.3.9",
      "resolved": "https://registry.npmjs.org/lunr/-/lunr-2.3.9.tgz",
      "integrity": "sha512-zTU3DaZaF3Rt9rhN3uBMGQD3dD2/vFQqnvZCDv4dl5iOzq2IZQqTxu90r4E5J+nP70J3ilqVCrbho2eWaeW8Ow=="
    },
    "playwright": {
      "version": "1.47.1",
      "resolved": "https://registry.npmjs.org/playwright/-/playwright-1.47.1.tgz",
      "integrity": "sha512-SUEKi6947IqYbKxRiqnbUobVZY4bF1uu+ZnZNJX9DfU1tlf2UhWfvVjLf01pQx9URsOr18bFVUKXmanYWhbfkw==",
      "dev": true,
      "requires": {
        "fsevents": "2.3.2",
        "playwright-core": "1.47.1"
      }
    },
    "playwright-core": {
      "version": "1.47.1",
      "resolved": "https://registry.npmjs.org/playwright-core/-/playwright-core-1.47.1.tgz",
      "integrity": "sha512-i1iyJdLftqtt51mEk6AhYFaAJCDx0xQ/O5NU8EKaWFgMjItPVma542Nh/Aq8aLCjIJSzjaiEQGW/nyqLkGF1OQ==",
      "dev": true
    },
    "prettier": {
      "version": "3.1.1",
      "resolved": "https://registry.npmjs.org/prettier/-/prettier-3.1.1.tgz",
      "integrity": "sha512-22UbSzg8luF4UuZtzgiUOfcGM8s4tjBv6dJRT7j275NXsy2jb4aJa4NNveul5x4eqlF1wuhuR2RElK71RvmVaw==",
      "dev": true
    },
    "undici-types": {
      "version": "5.26.5",
      "resolved": "https://registry.npmjs.org/undici-types/-/undici-types-5.26.5.tgz",
      "integrity": "sha512-JlCMO+ehdEIKqlFxk6IfVoAUVmgz7cU7zD/h9XZ0qzeosSHmUJVOzSQvvYSYWXkFXC+IfLKSIffhv0sVZup6pA==",
      "dev": true
    }
  }
}
